
Microsoft Visual Studio Solution File, Format Version 12.00
# Visual Studio Version 17
VisualStudioVersion = 17.13.35825.156 d17.13
MinimumVisualStudioVersion = 10.0.40219.1
Project("{8BC9CEB8-8B4A-11D0-8D11-00A0C91BC942}") = "DZ_10_(08.04.25)", "DZ_10_(08.04.25).vcxproj", "{DCB04836-5074-4DDE-9C1C-D119E6313ADF}"
EndProject
Global
	GlobalSection(SolutionConfigurationPlatforms) = preSolution
		Debug|x64 = Debug|x64
		Debug|x86 = Debug|x86
		Release|x64 = Release|x64
		Release|x86 = Release|x86
	EndGlobalSection
	GlobalSection(ProjectConfigurationPlatforms) = postSolution
		{DCB04836-5074-4DDE-9C1C-D119E6313ADF}.Debug|x64.ActiveCfg = Debug|x64
		{DCB04836-5074-4DDE-9C1C-D119E6313ADF}.Debug|x64.Build.0 = Debug|x64
		{DCB04836-5074-4DDE-9C1C-D119E6313ADF}.Debug|x86.ActiveCfg = Debug|Win32
		{DCB04836-5074-4DDE-9C1C-D119E6313ADF}.Debug|x86.Build.0 = Debug|Win32
		{DCB04836-5074-4DDE-9C1C-D119E6313ADF}.Release|x64.ActiveCfg = Release|x64
		{DCB04836-5074-4DDE-9C1C-D119E6313ADF}.Release|x64.Build.0 = Release|x64
		{DCB04836-5074-4DDE-9C1C-D119E6313ADF}.Release|x86.ActiveCfg = Release|Win32
		{DCB04836-5074-4DDE-9C1C-D119E6313ADF}.Release|x86.Build.0 = Release|Win32
	EndGlobalSection
	GlobalSection(SolutionProperties) = preSolution
		HideSolutionNode = FALSE
	EndGlobalSection
	GlobalSection(ExtensibilityGlobals) = postSolution
		SolutionGuid = {225335C7-95C2-4A47-8B58-E3A4CB6FD58F}
	EndGlobalSection
EndGlobal
